// !$*UTF8*$!
{
	archiveVersion = 1;
	classes = {
	};
	objectVersion = 50;
	objects = {

/* Begin PBXBuildFile section */
		6E44294523E0BD5C00FB1515 /* CurrencyTextField.swift in Sources */ = {isa = PBXBuildFile; fileRef = 6E44294423E0BD5C00FB1515 /* CurrencyTextField.swift */; };
		6E44294D23E0C92300FB1515 /* window_shopperTests.swift in Sources */ = {isa = PBXBuildFile; fileRef = 6E44294C23E0C92300FB1515 /* window_shopperTests.swift */; };
		6E44295623E0C94A00FB1515 /* Wage.swift in Sources */ = {isa = PBXBuildFile; fileRef = 6E44295523E0C94A00FB1515 /* Wage.swift */; };
		6E44295723E0CABD00FB1515 /* Wage.swift in Sources */ = {isa = PBXBuildFile; fileRef = 6E44295523E0C94A00FB1515 /* Wage.swift */; };
		6E45FC3823E0B849000BE5AE /* AppDelegate.swift in Sources */ = {isa = PBXBuildFile; fileRef = 6E45FC3723E0B849000BE5AE /* AppDelegate.swift */; };
		6E45FC3A23E0B849000BE5AE /* SceneDelegate.swift in Sources */ = {isa = PBXBuildFile; fileRef = 6E45FC3923E0B849000BE5AE /* SceneDelegate.swift */; };
		6E45FC3C23E0B849000BE5AE /* MainVC.swift in Sources */ = {isa = PBXBuildFile; fileRef = 6E45FC3B23E0B849000BE5AE /* MainVC.swift */; };
		6E45FC3F23E0B849000BE5AE /* Main.storyboard in Resources */ = {isa = PBXBuildFile; fileRef = 6E45FC3D23E0B849000BE5AE /* Main.storyboard */; };
		6E45FC4123E0B84B000BE5AE /* Assets.xcassets in Resources */ = {isa = PBXBuildFile; fileRef = 6E45FC4023E0B84B000BE5AE /* Assets.xcassets */; };
		6E45FC4423E0B84B000BE5AE /* LaunchScreen.storyboard in Resources */ = {isa = PBXBuildFile; fileRef = 6E45FC4223E0B84B000BE5AE /* LaunchScreen.storyboard */; };
/* End PBXBuildFile section */

/* Begin PBXContainerItemProxy section */
		6E44294F23E0C92300FB1515 /* PBXContainerItemProxy */ = {
			isa = PBXContainerItemProxy;
			containerPortal = 6E45FC2C23E0B849000BE5AE /* Project object */;
			proxyType = 1;
			remoteGlobalIDString = 6E45FC3323E0B849000BE5AE;
			remoteInfo = "window-shopper";
		};
/* End PBXContainerItemProxy section */

/* Begin PBXFileReference section */
		6E44294423E0BD5C00FB1515 /* CurrencyTextField.swift */ = {isa = PBXFileReference; lastKnownFileType = sourcecode.swift; path = CurrencyTextField.swift; sourceTree = "<group>"; };
		6E44294A23E0C92300FB1515 /* window-shopperTests.xctest */ = {isa = PBXFileReference; explicitFileType = wrapper.cfbundle; includeInIndex = 0; path = "window-shopperTests.xctest"; sourceTree = BUILT_PRODUCTS_DIR; };
		6E44294C23E0C92300FB1515 /* window_shopperTests.swift */ = {isa = PBXFileReference; lastKnownFileType = sourcecode.swift; path = window_shopperTests.swift; sourceTree = "<group>"; };
		6E44294E23E0C92300FB1515 /* Info.plist */ = {isa = PBXFileReference; lastKnownFileType = text.plist.xml; path = Info.plist; sourceTree = "<group>"; };
		6E44295523E0C94A00FB1515 /* Wage.swift */ = {isa = PBXFileReference; lastKnownFileType = sourcecode.swift; path = Wage.swift; sourceTree = "<group>"; };
		6E45FC3423E0B849000BE5AE /* window-shopper.app */ = {isa = PBXFileReference; explicitFileType = wrapper.application; includeInIndex = 0; path = "window-shopper.app"; sourceTree = BUILT_PRODUCTS_DIR; };
		6E45FC3723E0B849000BE5AE /* AppDelegate.swift */ = {isa = PBXFileReference; lastKnownFileType = sourcecode.swift; path = AppDelegate.swift; sourceTree = "<group>"; };
		6E45FC3923E0B849000BE5AE /* SceneDelegate.swift */ = {isa = PBXFileReference; lastKnownFileType = sourcecode.swift; path = SceneDelegate.swift; sourceTree = "<group>"; };
		6E45FC3B23E0B849000BE5AE /* MainVC.swift */ = {isa = PBXFileReference; lastKnownFileType = sourcecode.swift; path = MainVC.swift; sourceTree = "<group>"; };
		6E45FC3E23E0B849000BE5AE /* Base */ = {isa = PBXFileReference; lastKnownFileType = file.storyboard; name = Base; path = Base.lproj/Main.storyboard; sourceTree = "<group>"; };
		6E45FC4023E0B84B000BE5AE /* Assets.xcassets */ = {isa = PBXFileReference; lastKnownFileType = folder.assetcatalog; path = Assets.xcassets; sourceTree = "<group>"; };
		6E45FC4323E0B84B000BE5AE /* Base */ = {isa = PBXFileReference; lastKnownFileType = file.storyboard; name = Base; path = Base.lproj/LaunchScreen.storyboard; sourceTree = "<group>"; };
		6E45FC4523E0B84B000BE5AE /* Info.plist */ = {isa = PBXFileReference; lastKnownFileType = text.plist.xml; path = Info.plist; sourceTree = "<group>"; };
/* End PBXFileReference section */

/* Begin PBXFrameworksBuildPhase section */
		6E44294723E0C92300FB1515 /* Frameworks */ = {
			isa = PBXFrameworksBuildPhase;
			buildActionMask = 2147483647;
			files = (
			);
			runOnlyForDeploymentPostprocessing = 0;
		};
		6E45FC3123E0B849000BE5AE /* Frameworks */ = {
			isa = PBXFrameworksBuildPhase;
			buildActionMask = 2147483647;
			files = (
			);
			runOnlyForDeploymentPostprocessing = 0;
		};
/* End PBXFrameworksBuildPhase section */

/* Begin PBXGroup section */
		6E44294223E0BBD700FB1515 /* Controller */ = {
			isa = PBXGroup;
			children = (
				6E45FC3B23E0B849000BE5AE /* MainVC.swift */,
			);
			path = Controller;
			sourceTree = "<group>";
		};
		6E44294323E0BD2800FB1515 /* View */ = {
			isa = PBXGroup;
			children = (
				6E44294423E0BD5C00FB1515 /* CurrencyTextField.swift */,
			);
			path = View;
			sourceTree = "<group>";
		};
		6E44294B23E0C92300FB1515 /* window-shopperTests */ = {
			isa = PBXGroup;
			children = (
				6E44294C23E0C92300FB1515 /* window_shopperTests.swift */,
				6E44294E23E0C92300FB1515 /* Info.plist */,
			);
			path = "window-shopperTests";
			sourceTree = "<group>";
		};
		6E44295423E0C93400FB1515 /* Model */ = {
			isa = PBXGroup;
			children = (
				6E44295523E0C94A00FB1515 /* Wage.swift */,
			);
			path = Model;
			sourceTree = "<group>";
		};
		6E45FC2B23E0B849000BE5AE = {
			isa = PBXGroup;
			children = (
				6E45FC3623E0B849000BE5AE /* window-shopper */,
				6E44294B23E0C92300FB1515 /* window-shopperTests */,
				6E45FC3523E0B849000BE5AE /* Products */,
			);
			sourceTree = "<group>";
		};
		6E45FC3523E0B849000BE5AE /* Products */ = {
			isa = PBXGroup;
			children = (
				6E45FC3423E0B849000BE5AE /* window-shopper.app */,
				6E44294A23E0C92300FB1515 /* window-shopperTests.xctest */,
			);
			name = Products;
			sourceTree = "<group>";
		};
		6E45FC3623E0B849000BE5AE /* window-shopper */ = {
			isa = PBXGroup;
			children = (
				6E44295423E0C93400FB1515 /* Model */,
				6E44294323E0BD2800FB1515 /* View */,
				6E44294223E0BBD700FB1515 /* Controller */,
				6E45FC3723E0B849000BE5AE /* AppDelegate.swift */,
				6E45FC3923E0B849000BE5AE /* SceneDelegate.swift */,
				6E45FC3D23E0B849000BE5AE /* Main.storyboard */,
				6E45FC4023E0B84B000BE5AE /* Assets.xcassets */,
				6E45FC4223E0B84B000BE5AE /* LaunchScreen.storyboard */,
				6E45FC4523E0B84B000BE5AE /* Info.plist */,
			);
			path = "window-shopper";
			sourceTree = "<group>";
		};
/* End PBXGroup section */

/* Begin PBXNativeTarget section */
		6E44294923E0C92300FB1515 /* window-shopperTests */ = {
			isa = PBXNativeTarget;
			buildConfigurationList = 6E44295123E0C92300FB1515 /* Build configuration list for PBXNativeTarget "window-shopperTests" */;
			buildPhases = (
				6E44294623E0C92300FB1515 /* Sources */,
				6E44294723E0C92300FB1515 /* Frameworks */,
				6E44294823E0C92300FB1515 /* Resources */,
			);
			buildRules = (
			);
			dependencies = (
				6E44295023E0C92300FB1515 /* PBXTargetDependency */,
			);
			name = "window-shopperTests";
			productName = "window-shopperTests";
			productReference = 6E44294A23E0C92300FB1515 /* window-shopperTests.xctest */;
			productType = "com.apple.product-type.bundle.unit-test";
		};
		6E45FC3323E0B849000BE5AE /* window-shopper */ = {
			isa = PBXNativeTarget;
			buildConfigurationList = 6E45FC4823E0B84B000BE5AE /* Build configuration list for PBXNativeTarget "window-shopper" */;
			buildPhases = (
				6E45FC3023E0B849000BE5AE /* Sources */,
				6E45FC3123E0B849000BE5AE /* Frameworks */,
				6E45FC3223E0B849000BE5AE /* Resources */,
			);
			buildRules = (
			);
			dependencies = (
			);
			name = "window-shopper";
			productName = "window-shopper";
			productReference = 6E45FC3423E0B849000BE5AE /* window-shopper.app */;
			productType = "com.apple.product-type.application";
		};
/* End PBXNativeTarget section */

/* Begin PBXProject section */
		6E45FC2C23E0B849000BE5AE /* Project object */ = {
			isa = PBXProject;
			attributes = {
				LastSwiftUpdateCheck = 1130;
				LastUpgradeCheck = 1130;
				ORGANIZATIONNAME = "Symple Innovations Company Limited";
				TargetAttributes = {
					6E44294923E0C92300FB1515 = {
						CreatedOnToolsVersion = 11.3;
						TestTargetID = 6E45FC3323E0B849000BE5AE;
					};
					6E45FC3323E0B849000BE5AE = {
						CreatedOnToolsVersion = 11.3;
					};
				};
			};
			buildConfigurationList = 6E45FC2F23E0B849000BE5AE /* Build configuration list for PBXProject "window-shopper" */;
			compatibilityVersion = "Xcode 9.3";
			developmentRegion = en;
			hasScannedForEncodings = 0;
			knownRegions = (
				en,
				Base,
			);
			mainGroup = 6E45FC2B23E0B849000BE5AE;
			productRefGroup = 6E45FC3523E0B849000BE5AE /* Products */;
			projectDirPath = "";
			projectRoot = "";
			targets = (
				6E45FC3323E0B849000BE5AE /* window-shopper */,
				6E44294923E0C92300FB1515 /* window-shopperTests */,
			);
		};
/* End PBXProject section */

/* Begin PBXResourcesBuildPhase section */
		6E44294823E0C92300FB1515 /* Resources */ = {
			isa = PBXResourcesBuildPhase;
			buildActionMask = 2147483647;
			files = (
			);
			runOnlyForDeploymentPostprocessing = 0;
		};
		6E45FC3223E0B849000BE5AE /* Resources */ = {
			isa = PBXResourcesBuildPhase;
			buildActionMask = 2147483647;
			files = (
				6E45FC4423E0B84B000BE5AE /* LaunchScreen.storyboard in Resources */,
				6E45FC4123E0B84B000BE5AE /* Assets.xcassets in Resources */,
				6E45FC3F23E0B849000BE5AE /* Main.storyboard in Resources */,
			);
			runOnlyForDeploymentPostprocessing = 0;
		};
/* End PBXResourcesBuildPhase section */

/* Begin PBXSourcesBuildPhase section */
		6E44294623E0C92300FB1515 /* Sources */ = {
			isa = PBXSourcesBuildPhase;
			buildActionMask = 2147483647;
			files = (
				6E44294D23E0C92300FB1515 /* window_shopperTests.swift in Sources */,
				6E44295723E0CABD00FB1515 /* Wage.swift in Sources */,
			);
			runOnlyForDeploymentPostprocessing = 0;
		};
		6E45FC3023E0B849000BE5AE /* Sources */ = {
			isa = PBXSourcesBuildPhase;
			buildActionMask = 2147483647;
			files = (
				6E45FC3C23E0B849000BE5AE /* MainVC.swift in Sources */,
				6E45FC3823E0B849000BE5AE /* AppDelegate.swift in Sources */,
				6E44295623E0C94A00FB1515 /* Wage.swift in Sources */,
				6E44294523E0BD5C00FB1515 /* CurrencyTextField.swift in Sources */,
				6E45FC3A23E0B849000BE5AE /* SceneDelegate.swift in Sources */,
			);
			runOnlyForDeploymentPostprocessing = 0;
		};
/* End PBXSourcesBuildPhase section */

/* Begin PBXTargetDependency section */
		6E44295023E0C92300FB1515 /* PBXTargetDependency */ = {
			isa = PBXTargetDependency;
			target = 6E45FC3323E0B849000BE5AE /* window-shopper */;
			targetProxy = 6E44294F23E0C92300FB1515 /* PBXContainerItemProxy */;
		};
/* End PBXTargetDependency section */

/* Begin PBXVariantGroup section */
		6E45FC3D23E0B849000BE5AE /* Main.storyboard */ = {
			isa = PBXVariantGroup;
			children = (
				6E45FC3E23E0B849000BE5AE /* Base */,
			);
			name = Main.storyboard;
			sourceTree = "<group>";
		};
		6E45FC4223E0B84B000BE5AE /* LaunchScreen.storyboard */ = {
			isa = PBXVariantGroup;
			children = (
				6E45FC4323E0B84B000BE5AE /* Base */,
			);
			name = LaunchScreen.storyboard;
			sourceTree = "<group>";
		};
/* End PBXVariantGroup section */

/* Begin XCBuildConfiguration section */
		6E44295223E0C92300FB1515 /* Debug */ = {
			isa = XCBuildConfiguration;
			buildSettings = {
				BUNDLE_LOADER = "$(TEST_HOST)";
				CODE_SIGN_STYLE = Automatic;
				DEVELOPMENT_TEAM = WYT783GC26;
				INFOPLIST_FILE = "window-shopperTests/Info.plist";
				LD_RUNPATH_SEARCH_PATHS = (
					"$(inherited)",
					"@executable_path/Frameworks",
					"@loader_path/Frameworks",
				);
				PRODUCT_BUNDLE_IDENTIFIER = "com.sympleinc.window-shopperTests";
				PRODUCT_NAME = "$(TARGET_NAME)";
				SWIFT_VERSION = 5.0;
				TARGETED_DEVICE_FAMILY = "1,2";
				TEST_HOST = "$(BUILT_PRODUCTS_DIR)/window-shopper.app/window-shopper";
			};
			name = Debug;
		};
		6E44295323E0C92300FB1515 /* Release */ = {
			isa = XCBuildConfiguration;
			buildSettings = {
				BUNDLE_LOADER = "$(TEST_HOST)";
				CODE_SIGN_STYLE = Automatic;
				DEVELOPMENT_TEAM = WYT783GC26;
				INFOPLIST_FILE = "window-shopperTests/Info.plist";
				LD_RUNPATH_SEARCH_PATHS = (
					"$(inherited)",
					"@executable_path/Frameworks",
					"@loader_path/Frameworks",
				);
				PRODUCT_BUNDLE_IDENTIFIER = "com.sympleinc.window-shopperTests";
				PRODUCT_NAME = "$(TARGET_NAME)";
				SWIFT_VERSION = 5.0;
				TARGETED_DEVICE_FAMILY = "1,2";
				TEST_HOST = "$(BUILT_PRODUCTS_DIR)/window-shopper.app/window-shopper";
			};
			name = Release;
		};
		6E45FC4623E0B84B000BE5AE /* Debug */ = {
			isa = XCBuildConfiguration;
			buildSettings = {
				ALWAYS_SEARCH_USER_PATHS = NO;
				CLANG_ANALYZER_NONNULL = YES;
				CLANG_ANALYZER_NUMBER_OBJECT_CONVERSION = YES_AGGRESSIVE;
				CLANG_CXX_LANGUAGE_STANDARD = "gnu++14";
				CLANG_CXX_LIBRARY = "libc++";
				CLANG_ENABLE_MODULES = YES;
				CLANG_ENABLE_OBJC_ARC = YES;
				CLANG_ENABLE_OBJC_WEAK = YES;
				CLANG_WARN_BLOCK_CAPTURE_AUTORELEASING = YES;
				CLANG_WARN_BOOL_CONVERSION = YES;
				CLANG_WARN_COMMA = YES;
				CLANG_WARN_CONSTANT_CONVERSION = YES;
				CLANG_WARN_DEPRECATED_OBJC_IMPLEMENTATIONS = YES;
				CLANG_WARN_DIRECT_OBJC_ISA_USAGE = YES_ERROR;
				CLANG_WARN_DOCUMENTATION_COMMENTS = YES;
				CLANG_WARN_EMPTY_BODY = YES;
				CLANG_WARN_ENUM_CONVERSION = YES;
				CLANG_WARN_INFINITE_RECURSION = YES;
				CLANG_WARN_INT_CONVERSION = YES;
				CLANG_WARN_NON_LITERAL_NULL_CONVERSION = YES;
				CLANG_WARN_OBJC_IMPLICIT_RETAIN_SELF = YES;
				CLANG_WARN_OBJC_LITERAL_CONVERSION = YES;
				CLANG_WARN_OBJC_ROOT_CLASS = YES_ERROR;
				CLANG_WARN_RANGE_LOOP_ANALYSIS = YES;
				CLANG_WARN_STRICT_PROTOTYPES = YES;
				CLANG_WARN_SUSPICIOUS_MOVE = YES;
				CLANG_WARN_UNGUARDED_AVAILABILITY = YES_AGGRESSIVE;
				CLANG_WARN_UNREACHABLE_CODE = YES;
				CLANG_WARN__DUPLICATE_METHOD_MATCH = YES;
				COPY_PHASE_STRIP = NO;
				DEBUG_INFORMATION_FORMAT = dwarf;
				ENABLE_STRICT_OBJC_MSGSEND = YES;
				ENABLE_TESTABILITY = YES;
				GCC_C_LANGUAGE_STANDARD = gnu11;
				GCC_DYNAMIC_NO_PIC = NO;
				GCC_NO_COMMON_BLOCKS = YES;
				GCC_OPTIMIZATION_LEVEL = 0;
				GCC_PREPROCESSOR_DEFINITIONS = (
					"DEBUG=1",
					"$(inherited)",
				);
				GCC_WARN_64_TO_32_BIT_CONVERSION = YES;
				GCC_WARN_ABOUT_RETURN_TYPE = YES_ERROR;
				GCC_WARN_UNDECLARED_SELECTOR = YES;
				GCC_WARN_UNINITIALIZED_AUTOS = YES_AGGRESSIVE;
				GCC_WARN_UNUSED_FUNCTION = YES;
				GCC_WARN_UNUSED_VARIABLE = YES;
				IPHONEOS_DEPLOYMENT_TARGET = 13.2;
				MTL_ENABLE_DEBUG_INFO = INCLUDE_SOURCE;
				MTL_FAST_MATH = YES;
				ONLY_ACTIVE_ARCH = YES;
				SDKROOT = iphoneos;
				SWIFT_ACTIVE_COMPILATION_CONDITIONS = DEBUG;
				SWIFT_OPTIMIZATION_LEVEL = "-Onone";
			};
			name = Debug;
		};
		6E45FC4723E0B84B000BE5AE /* Release */ = {
			isa = XCBuildConfiguration;
			buildSettings = {
				ALWAYS_SEARCH_USER_PATHS = NO;
				CLANG_ANALYZER_NONNULL = YES;
				CLANG_ANALYZER_NUMBER_OBJECT_CONVERSION = YES_AGGRESSIVE;
				CLANG_CXX_LANGUAGE_STANDARD = "gnu++14";
				CLANG_CXX_LIBRARY = "libc++";
				CLANG_ENABLE_MODULES = YES;
				CLANG_ENABLE_OBJC_ARC = YES;
				CLANG_ENABLE_OBJC_WEAK = YES;
				CLANG_WARN_BLOCK_CAPTURE_AUTORELEASING = YES;
				CLANG_WARN_BOOL_CONVERSION = YES;
				CLANG_WARN_COMMA = YES;
				CLANG_WARN_CONSTANT_CONVERSION = YES;
				CLANG_WARN_DEPRECATED_OBJC_IMPLEMENTATIONS = YES;
				CLANG_WARN_DIRECT_OBJC_ISA_USAGE = YES_ERROR;
				CLANG_WARN_DOCUMENTATION_COMMENTS = YES;
				CLANG_WARN_EMPTY_BODY = YES;
				CLANG_WARN_ENUM_CONVERSION = YES;
				CLANG_WARN_INFINITE_RECURSION = YES;
				CLANG_WARN_INT_CONVERSION = YES;
				CLANG_WARN_NON_LITERAL_NULL_CONVERSION = YES;
				CLANG_WARN_OBJC_IMPLICIT_RETAIN_SELF = YES;
				CLANG_WARN_OBJC_LITERAL_CONVERSION = YES;
				CLANG_WARN_OBJC_ROOT_CLASS = YES_ERROR;
				CLANG_WARN_RANGE_LOOP_ANALYSIS = YES;
				CLANG_WARN_STRICT_PROTOTYPES = YES;
				CLANG_WARN_SUSPICIOUS_MOVE = YES;
				CLANG_WARN_UNGUARDED_AVAILABILITY = YES_AGGRESSIVE;
				CLANG_WARN_UNREACHABLE_CODE = YES;
				CLANG_WARN__DUPLICATE_METHOD_MATCH = YES;
				COPY_PHASE_STRIP = NO;
				DEBUG_INFORMATION_FORMAT = "dwarf-with-dsym";
				ENABLE_NS_ASSERTIONS = NO;
				ENABLE_STRICT_OBJC_MSGSEND = YES;
				GCC_C_LANGUAGE_STANDARD = gnu11;
				GCC_NO_COMMON_BLOCKS = YES;
				GCC_WARN_64_TO_32_BIT_CONVERSION = YES;
				GCC_WARN_ABOUT_RETURN_TYPE = YES_ERROR;
				GCC_WARN_UNDECLARED_SELECTOR = YES;
				GCC_WARN_UNINITIALIZED_AUTOS = YES_AGGRESSIVE;
				GCC_WARN_UNUSED_FUNCTION = YES;
				GCC_WARN_UNUSED_VARIABLE = YES;
				IPHONEOS_DEPLOYMENT_TARGET = 13.2;
				MTL_ENABLE_DEBUG_INFO = NO;
				MTL_FAST_MATH = YES;
				SDKROOT = iphoneos;
				SWIFT_COMPILATION_MODE = wholemodule;
				SWIFT_OPTIMIZATION_LEVEL = "-O";
				VALIDATE_PRODUCT = YES;
			};
			name = Release;
		};
		6E45FC4923E0B84B000BE5AE /* Debug */ = {
			isa = XCBuildConfiguration;
			buildSettings = {
				ASSETCATALOG_COMPILER_APPICON_NAME = AppIcon;
				CODE_SIGN_STYLE = Automatic;
				DEVELOPMENT_TEAM = WYT783GC26;
				INFOPLIST_FILE = "window-shopper/Info.plist";
				LD_RUNPATH_SEARCH_PATHS = (
					"$(inherited)",
					"@executable_path/Frameworks",
				);
				PRODUCT_BUNDLE_IDENTIFIER = "com.sympleinc.window-shopper";
				PRODUCT_NAME = "$(TARGET_NAME)";
				SWIFT_VERSION = 5.0;
				TARGETED_DEVICE_FAMILY = "1,2";
			};
			name = Debug;
		};
		6E45FC4A23E0B84B000BE5AE /* Release */ = {
			isa = XCBuildConfiguration;
			buildSettings = {
				ASSETCATALOG_COMPILER_APPICON_NAME = AppIcon;
				CODE_SIGN_STYLE = Automatic;
				DEVELOPMENT_TEAM = WYT783GC26;
				INFOPLIST_FILE = "window-shopper/Info.plist";
				LD_RUNPATH_SEARCH_PATHS = (
					"$(inherited)",
					"@executable_path/Frameworks",
				);
				PRODUCT_BUNDLE_IDENTIFIER = "com.sympleinc.window-shopper";
				PRODUCT_NAME = "$(TARGET_NAME)";
				SWIFT_VERSION = 5.0;
				TARGETED_DEVICE_FAMILY = "1,2";
			};
			name = Release;
		};
/* End XCBuildConfiguration section */

/* Begin XCConfigurationList section */
		6E44295123E0C92300FB1515 /* Build configuration list for PBXNativeTarget "window-shopperTests" */ = {
			isa = XCConfigurationList;
			buildConfigurations = (
				6E44295223E0C92300FB1515 /* Debug */,
				6E44295323E0C92300FB1515 /* Release */,
			);
			defaultConfigurationIsVisible = 0;
			defaultConfigurationName = Release;
		};
		6E45FC2F23E0B849000BE5AE /* Build configuration list for PBXProject "window-shopper" */ = {
			isa = XCConfigurationList;
			buildConfigurations = (
				6E45FC4623E0B84B000BE5AE /* Debug */,
				6E45FC4723E0B84B000BE5AE /* Release */,
			);
			defaultConfigurationIsVisible = 0;
			defaultConfigurationName = Release;
		};
		6E45FC4823E0B84B000BE5AE /* Build configuration list for PBXNativeTarget "window-shopper" */ = {
			isa = XCConfigurationList;
			buildConfigurations = (
				6E45FC4923E0B84B000BE5AE /* Debug */,
				6E45FC4A23E0B84B000BE5AE /* Release */,
			);
			defaultConfigurationIsVisible = 0;
			defaultConfigurationName = Release;
		};
/* End XCConfigurationList section */
	};
	rootObject = 6E45FC2C23E0B849000BE5AE /* Project object */;
}
